
Microsoft Visual Studio Solution File, Format Version 12.00
# Visual Studio Version 16
VisualStudioVersion = 16.0.30011.22
MinimumVisualStudioVersion = 10.0.40219.1
Project("{9A19103F-16F7-4668-BE54-9A1E7A4F7556}") = "DemoSelenium", "DemoSelenium\DemoSelenium.csproj", "{80EDB1FB-944E-4E5F-9672-462F0C2DC725}"
EndProject
Global
	GlobalSection(SolutionConfigurationPlatforms) = preSolution
		Debug|Any CPU = Debug|Any CPU
		Debug|x64 = Debug|x64
		Release|Any CPU = Release|Any CPU
		Release|x64 = Release|x64
	EndGlobalSection
	GlobalSection(ProjectConfigurationPlatforms) = postSolution
		{80EDB1FB-944E-4E5F-9672-462F0C2DC725}.Debug|Any CPU.ActiveCfg = Debug|Any CPU
		{80EDB1FB-944E-4E5F-9672-462F0C2DC725}.Debug|Any CPU.Build.0 = Debug|Any CPU
		{80EDB1FB-944E-4E5F-9672-462F0C2DC725}.Debug|x64.ActiveCfg = Debug|x64
		{80EDB1FB-944E-4E5F-9672-462F0C2DC725}.Debug|x64.Build.0 = Debug|x64
		{80EDB1FB-944E-4E5F-9672-462F0C2DC725}.Release|Any CPU.ActiveCfg = Release|Any CPU
		{80EDB1FB-944E-4E5F-9672-462F0C2DC725}.Release|Any CPU.Build.0 = Release|Any CPU
		{80EDB1FB-944E-4E5F-9672-462F0C2DC725}.Release|x64.ActiveCfg = Release|x64
		{80EDB1FB-944E-4E5F-9672-462F0C2DC725}.Release|x64.Build.0 = Release|x64
	EndGlobalSection
	GlobalSection(SolutionProperties) = preSolution
		HideSolutionNode = FALSE
	EndGlobalSection
	GlobalSection(ExtensibilityGlobals) = postSolution
		SolutionGuid = {6FAF7CB9-3F30-4FE5-9829-418970A669B0}
	EndGlobalSection
EndGlobal
